
Microsoft Visual Studio Solution File, Format Version 12.00
# Visual Studio Version 16
VisualStudioVersion = 16.0.29009.5
MinimumVisualStudioVersion = 10.0.40219.1
Project("{FAE04EC0-301F-11D3-BF4B-00C04F79EFBC}") = "Graficador de UML", "Graficador de UML.csproj", "{028349AE-52E1-4D54-BE2B-84DBD21039E0}"
EndProject
Global
	GlobalSection(SolutionConfigurationPlatforms) = preSolution
		Debug|Any CPU = Debug|Any CPU
		Release|Any CPU = Release|Any CPU
	EndGlobalSection
	GlobalSection(ProjectConfigurationPlatforms) = postSolution
		{028349AE-52E1-4D54-BE2B-84DBD21039E0}.Debug|Any CPU.ActiveCfg = Debug|Any CPU
		{028349AE-52E1-4D54-BE2B-84DBD21039E0}.Debug|Any CPU.Build.0 = Debug|Any CPU
		{028349AE-52E1-4D54-BE2B-84DBD21039E0}.Release|Any CPU.ActiveCfg = Release|Any CPU
		{028349AE-52E1-4D54-BE2B-84DBD21039E0}.Release|Any CPU.Build.0 = Release|Any CPU
	EndGlobalSection
	GlobalSection(SolutionProperties) = preSolution
		HideSolutionNode = FALSE
	EndGlobalSection
	GlobalSection(ExtensibilityGlobals) = postSolution
		SolutionGuid = {41795C6D-4368-408E-BEDE-F8974CE46866}
	EndGlobalSection
EndGlobal
